
Microsoft Visual Studio Solution File, Format Version 12.00
# Visual Studio Version 16
VisualStudioVersion = 16.0.30503.244
MinimumVisualStudioVersion = 10.0.40219.1
Project("{FAE04EC0-301F-11D3-BF4B-00C04F79EFBC}") = "CgrGoogleSheetsImporting", "CgrGoogleSheetsImporting\CgrGoogleSheetsImporting.csproj", "{9A3BB6E1-3D5C-40A9-B220-FD31007CF229}"
EndProject
Global
	GlobalSection(SolutionConfigurationPlatforms) = preSolution
		Debug|Any CPU = Debug|Any CPU
		Release|Any CPU = Release|Any CPU
	EndGlobalSection
	GlobalSection(ProjectConfigurationPlatforms) = postSolution
		{9A3BB6E1-3D5C-40A9-B220-FD31007CF229}.Debug|Any CPU.ActiveCfg = Debug|Any CPU
		{9A3BB6E1-3D5C-40A9-B220-FD31007CF229}.Debug|Any CPU.Build.0 = Debug|Any CPU
		{9A3BB6E1-3D5C-40A9-B220-FD31007CF229}.Release|Any CPU.ActiveCfg = Release|Any CPU
		{9A3BB6E1-3D5C-40A9-B220-FD31007CF229}.Release|Any CPU.Build.0 = Release|Any CPU
	EndGlobalSection
	GlobalSection(SolutionProperties) = preSolution
		HideSolutionNode = FALSE
	EndGlobalSection
	GlobalSection(ExtensibilityGlobals) = postSolution
		SolutionGuid = {DD416E7C-1C98-4614-85F5-C34559A9BEF7}
	EndGlobalSection
EndGlobal
